<?xml version="1.0" encoding="utf-8"?>
<Project ToolsVersion="4.0" xmlns="http://schemas.microsoft.com/developer/msbuild/2003">
  <ItemGroup>
    <Filter Include="源文件">
      <UniqueIdentifier>{4FC737F1-C7A5-4376-A066-2A32D752A2FF}</UniqueIdentifier>
      <Extensions>cpp;c;cc;cxx;def;odl;idl;hpj;bat;asm;asmx</Extensions>
    </Filter>
    <Filter Include="头文件">
      <UniqueIdentifier>{93995380-89BD-4b04-88EB-625FBE52EBFB}</UniqueIdentifier>
      <Extensions>h;hh;hpp;hxx;hm;inl;inc;xsd</Extensions>
    </Filter>
    <Filter Include="资源文件">
      <UniqueIdentifier>{67DA6AB6-F800-4c08-8B7A-83BB121AAD01}</UniqueIdentifier>
      <Extensions>rc;ico;cur;bmp;dlg;rc2;rct;bin;rgs;gif;jpg;jpeg;jpe;resx;tiff;tif;png;wav;mfcribbon-ms</Extensions>
    </Filter>
    <Filter Include="头文件\Engine">
      <UniqueIdentifier>{af2258bb-d63a-4bdf-90ed-7e0b8d2ea6a0}</UniqueIdentifier>
    </Filter>
    <Filter Include="源文件\Engine">
      <UniqueIdentifier>{24faf8a1-b117-4538-8524-a5361a263564}</UniqueIdentifier>
    </Filter>
  </ItemGroup>
  <ItemGroup>
    <ClCompile Include="src\main.cpp">
      <Filter>源文件</Filter>
    </ClCompile>
    <ClCompile Include="src\stdafx.cpp">
      <Filter>源文件</Filter>
    </ClCompile>
    <ClCompile Include="src\services\GraphicService.cpp">
      <Filter>源文件</Filter>
    </ClCompile>
    <ClCompile Include="src\services\InputService.cpp">
      <Filter>源文件</Filter>
    </ClCompile>
    <ClCompile Include="src\Engine.cpp">
      <Filter>源文件</Filter>
    </ClCompile>
    <ClCompile Include="src\util\Log.cpp">
      <Filter>源文件</Filter>
    </ClCompile>
    <ClCompile Include="src\util\HashedString.cpp">
      <Filter>源文件</Filter>
    </ClCompile>
    <ClCompile Include="src\game\GameController.cpp">
      <Filter>源文件</Filter>
    </ClCompile>
    <ClCompile Include="src\core\map\TilePool.cpp">
      <Filter>源文件</Filter>
    </ClCompile>
    <ClCompile Include="src\core\System\WorldObstacleSystem.cpp">
      <Filter>源文件</Filter>
    </ClCompile>
    <ClCompile Include="src\core\System\PlayerControlSystem.cpp">
      <Filter>源文件</Filter>
    </ClCompile>
    <ClCompile Include="src\core\System\RenderSystem.cpp">
      <Filter>源文件</Filter>
    </ClCompile>
    <ClCompile Include="src\core\System\MoveSystem.cpp">
      <Filter>源文件</Filter>
    </ClCompile>
    <ClCompile Include="src\core\factory\HeroFactroy.cpp">
      <Filter>源文件</Filter>
    </ClCompile>
    <ClCompile Include="src\core\System\GravitySystem.cpp">
      <Filter>源文件</Filter>
    </ClCompile>
    <ClCompile Include="src\core\factory\BulletFactory.cpp">
      <Filter>源文件</Filter>
    </ClCompile>
    <ClCompile Include="src\core\tools\Camera.cpp">
      <Filter>源文件</Filter>
    </ClCompile>
    <ClCompile Include="src\core\System\CollisionSystem.cpp">
      <Filter>源文件</Filter>
    </ClCompile>
    <ClCompile Include="src\core\factory\MonsterFactory.cpp">
      <Filter>源文件</Filter>
    </ClCompile>
  </ItemGroup>
  <ItemGroup>
    <Text Include="ReadMe.md" />
    <Text Include="content\config\engine.json" />
  </ItemGroup>
  <ItemGroup>
    <None Include="content\test.json" />
    <None Include="content\config\state-play.json" />
    <None Include="content\stages\map-test1.json" />
    <None Include="content\tiles\tile-type-test.json" />
    <None Include="content\objects\hero.json" />
  </ItemGroup>
  <ItemGroup>
    <ClInclude Include="include\core\GameCore.h">
      <Filter>头文件</Filter>
    </ClInclude>
    <ClInclude Include="include\exception\MomokaException.h">
      <Filter>头文件</Filter>
    </ClInclude>
    <ClInclude Include="include\exception\ServiceException.h">
      <Filter>头文件</Filter>
    </ClInclude>
    <ClInclude Include="include\extlib\rapidjson\error\en.h">
      <Filter>头文件</Filter>
    </ClInclude>
    <ClInclude Include="include\extlib\rapidjson\error\error.h">
      <Filter>头文件</Filter>
    </ClInclude>
    <ClInclude Include="include\extlib\rapidjson\internal\biginteger.h">
      <Filter>头文件</Filter>
    </ClInclude>
    <ClInclude Include="include\extlib\rapidjson\internal\diyfp.h">
      <Filter>头文件</Filter>
    </ClInclude>
    <ClInclude Include="include\extlib\rapidjson\internal\dtoa.h">
      <Filter>头文件</Filter>
    </ClInclude>
    <ClInclude Include="include\extlib\rapidjson\internal\ieee754.h">
      <Filter>头文件</Filter>
    </ClInclude>
    <ClInclude Include="include\extlib\rapidjson\internal\itoa.h">
      <Filter>头文件</Filter>
    </ClInclude>
    <ClInclude Include="include\extlib\rapidjson\internal\meta.h">
      <Filter>头文件</Filter>
    </ClInclude>
    <ClInclude Include="include\extlib\rapidjson\internal\pow10.h">
      <Filter>头文件</Filter>
    </ClInclude>
    <ClInclude Include="include\extlib\rapidjson\internal\regex.h">
      <Filter>头文件</Filter>
    </ClInclude>
    <ClInclude Include="include\extlib\rapidjson\internal\stack.h">
      <Filter>头文件</Filter>
    </ClInclude>
    <ClInclude Include="include\extlib\rapidjson\internal\strfunc.h">
      <Filter>头文件</Filter>
    </ClInclude>
    <ClInclude Include="include\extlib\rapidjson\internal\strtod.h">
      <Filter>头文件</Filter>
    </ClInclude>
    <ClInclude Include="include\extlib\rapidjson\internal\swap.h">
      <Filter>头文件</Filter>
    </ClInclude>
    <ClInclude Include="include\extlib\rapidjson\msinttypes\inttypes.h">
      <Filter>头文件</Filter>
    </ClInclude>
    <ClInclude Include="include\extlib\rapidjson\msinttypes\stdint.h">
      <Filter>头文件</Filter>
    </ClInclude>
    <ClInclude Include="include\extlib\rapidjson\allocators.h">
      <Filter>头文件</Filter>
    </ClInclude>
    <ClInclude Include="include\extlib\rapidjson\document.h">
      <Filter>头文件</Filter>
    </ClInclude>
    <ClInclude Include="include\extlib\rapidjson\encodedstream.h">
      <Filter>头文件</Filter>
    </ClInclude>
    <ClInclude Include="include\extlib\rapidjson\encodings.h">
      <Filter>头文件</Filter>
    </ClInclude>
    <ClInclude Include="include\extlib\rapidjson\filereadstream.h">
      <Filter>头文件</Filter>
    </ClInclude>
    <ClInclude Include="include\extlib\rapidjson\filewritestream.h">
      <Filter>头文件</Filter>
    </ClInclude>
    <ClInclude Include="include\extlib\rapidjson\fwd.h">
      <Filter>头文件</Filter>
    </ClInclude>
    <ClInclude Include="include\extlib\rapidjson\istreamwrapper.h">
      <Filter>头文件</Filter>
    </ClInclude>
    <ClInclude Include="include\extlib\rapidjson\memorybuffer.h">
      <Filter>头文件</Filter>
    </ClInclude>
    <ClInclude Include="include\extlib\rapidjson\memorystream.h">
      <Filter>头文件</Filter>
    </ClInclude>
    <ClInclude Include="include\extlib\rapidjson\ostreamwrapper.h">
      <Filter>头文件</Filter>
    </ClInclude>
    <ClInclude Include="include\extlib\rapidjson\pointer.h">
      <Filter>头文件</Filter>
    </ClInclude>
    <ClInclude Include="include\extlib\rapidjson\prettywriter.h">
      <Filter>头文件</Filter>
    </ClInclude>
    <ClInclude Include="include\extlib\rapidjson\rapidjson.h">
      <Filter>头文件</Filter>
    </ClInclude>
    <ClInclude Include="include\extlib\rapidjson\reader.h">
      <Filter>头文件</Filter>
    </ClInclude>
    <ClInclude Include="include\extlib\rapidjson\schema.h">
      <Filter>头文件</Filter>
    </ClInclude>
    <ClInclude Include="include\extlib\rapidjson\stream.h">
      <Filter>头文件</Filter>
    </ClInclude>
    <ClInclude Include="include\extlib\rapidjson\stringbuffer.h">
      <Filter>头文件</Filter>
    </ClInclude>
    <ClInclude Include="include\extlib\rapidjson\writer.h">
      <Filter>头文件</Filter>
    </ClInclude>
    <ClInclude Include="include\game\GameController.h">
      <Filter>头文件</Filter>
    </ClInclude>
    <ClInclude Include="include\services\GraphicService.h">
      <Filter>头文件</Filter>
    </ClInclude>
    <ClInclude Include="include\services\InputService.h">
      <Filter>头文件</Filter>
    </ClInclude>
    <ClInclude Include="include\services\Service.h">
      <Filter>头文件</Filter>
    </ClInclude>
    <ClInclude Include="include\util\HashedString.h">
      <Filter>头文件</Filter>
    </ClInclude>
    <ClInclude Include="include\util\JsonTools.h">
      <Filter>头文件</Filter>
    </ClInclude>
    <ClInclude Include="include\util\Log.h">
      <Filter>头文件</Filter>
    </ClInclude>
    <ClInclude Include="include\util\ServiceLoader.h">
      <Filter>头文件</Filter>
    </ClInclude>
    <ClInclude Include="include\util\Vector2.h">
      <Filter>头文件</Filter>
    </ClInclude>
    <ClInclude Include="include\Engine.h">
      <Filter>头文件</Filter>
    </ClInclude>
    <ClInclude Include="include\global.h">
      <Filter>头文件</Filter>
    </ClInclude>
    <ClInclude Include="include\stdafx.h">
      <Filter>头文件</Filter>
    </ClInclude>
    <ClInclude Include="include\targetver.h">
      <Filter>头文件</Filter>
    </ClInclude>
    <ClInclude Include="include\core\object\components\Component.h">
      <Filter>头文件</Filter>
    </ClInclude>
    <ClInclude Include="include\core\object\EntityPool.h">
      <Filter>头文件</Filter>
    </ClInclude>
    <ClInclude Include="include\util\Signal.h">
      <Filter>头文件</Filter>
    </ClInclude>
    <ClInclude Include="include\core\map\TilePool.h">
      <Filter>头文件</Filter>
    </ClInclude>
    <ClInclude Include="include\core\object\components\ObstacleComponent.h">
      <Filter>头文件</Filter>
    </ClInclude>
    <ClInclude Include="include\core\system\System.h">
      <Filter>头文件</Filter>
    </ClInclude>
    <ClInclude Include="include\core\object\components\GravityComponent.h">
      <Filter>头文件</Filter>
    </ClInclude>
    <ClInclude Include="include\core\object\components\MoveComponent.h">
      <Filter>头文件</Filter>
    </ClInclude>
    <ClInclude Include="include\core\object\components\VelocityComponent.h">
      <Filter>头文件</Filter>
    </ClInclude>
    <ClInclude Include="include\core\object\components\JumpComponent.h">
      <Filter>头文件</Filter>
    </ClInclude>
    <ClInclude Include="include\core\object\components\PositionComponent.h">
      <Filter>头文件</Filter>
    </ClInclude>
    <ClInclude Include="include\core\system\WorldObstacleSystem.h">
      <Filter>头文件</Filter>
    </ClInclude>
    <ClInclude Include="include\core\object\components\PlayerComponent.h">
      <Filter>头文件</Filter>
    </ClInclude>
    <ClInclude Include="include\core\system\PlayerControlSystem.h">
      <Filter>头文件</Filter>
    </ClInclude>
    <ClInclude Include="include\core\object\components\RenderComponent.h">
      <Filter>头文件</Filter>
    </ClInclude>
    <ClInclude Include="include\core\system\RenderSystem.h">
      <Filter>头文件</Filter>
    </ClInclude>
    <ClInclude Include="include\core\system\MoveSystem.h">
      <Filter>头文件</Filter>
    </ClInclude>
    <ClInclude Include="include\core\factory\HeroFactory.h">
      <Filter>头文件</Filter>
    </ClInclude>
    <ClInclude Include="include\core\Core.h">
      <Filter>头文件</Filter>
    </ClInclude>
    <ClInclude Include="include\core\object\GameObjectPool.h">
      <Filter>头文件</Filter>
    </ClInclude>
    <ClInclude Include="include\core\system\GravitySystem.h">
      <Filter>头文件</Filter>
    </ClInclude>
    <ClInclude Include="include\util\Direction.h">
      <Filter>头文件</Filter>
    </ClInclude>
    <ClInclude Include="include\core\factory\BulletFactory.h">
      <Filter>头文件</Filter>
    </ClInclude>
    <ClInclude Include="include\core\object\components\WeaponSlotComponent.h">
      <Filter>头文件</Filter>
    </ClInclude>
    <ClInclude Include="include\core\tools\Camera.h">
      <Filter>头文件</Filter>
    </ClInclude>
    <ClInclude Include="include\core\object\components\HurtComponent.h">
      <Filter>头文件</Filter>
    </ClInclude>
    <ClInclude Include="include\core\system\CollisionSystem.h">
      <Filter>头文件</Filter>
    </ClInclude>
    <ClInclude Include="include\core\object\components\MonsterComponent.h">
      <Filter>头文件</Filter>
    </ClInclude>
    <ClInclude Include="include\core\utility\CollisionDetector.h">
      <Filter>头文件</Filter>
    </ClInclude>
    <ClInclude Include="include\core\factory\MonsterFactory.h">
      <Filter>头文件</Filter>
    </ClInclude>
    <ClInclude Include="include\core\object\components\CanInputComponent.h">
      <Filter>头文件</Filter>
    </ClInclude>
    <ClInclude Include="include\core\object\components\TimingComponent.h">
      <Filter>头文件</Filter>
    </ClInclude>
    <ClInclude Include="include\core\object\components\BulletComponent.h">
      <Filter>头文件</Filter>
    </ClInclude>
    <ClInclude Include="include\core\object\components\BulletStorageComponent.h">
      <Filter>头文件</Filter>
    </ClInclude>
  </ItemGroup>
</Project>